PODS:
  - Alamofire (5.2.2)
  - Charts (3.5.0):
    - Charts/Core (= 3.5.0)
  - Charts/Core (3.5.0)
  - IQKeyboardManager (6.4.2)
  - MJRefresh (3.2.3)
  - SDWebImage (5.8.4):
    - SDWebImage/Core (= 5.8.4)
  - SDWebImage/Core (5.8.4)
  - SVProgressHUD (2.2.5)
  - SwiftyJSON (5.0.0)
  - UMCCommon (7.1.3)
  - UMCPush (3.2.5):
    - UMCCommon
  - UMCSecurityPlugins (1.0.6)

DEPENDENCIES:
  - Alamofire (~> 5.2)
  - Charts (~> 3.5.0)
  - IQKeyboardManager (~> 6.4.0)
  - MJRefresh (~> 3.2.0)
  - SDWebImage (~> 5.0)
  - SVProgressHUD (~> 2.2.5)
  - SwiftyJSON (~> 5.0.0)
  - UMCCommon
  - UMCPush
  - UMCSecurityPlugins

SPEC REPOS:
  trunk:
    - Alamofire
    - Charts
    - IQKeyboardManager
    - MJRefresh
    - SDWebImage
    - SVProgressHUD
    - SwiftyJSON
    - UMCCommon
    - UMCPush
    - UMCSecurityPlugins

SPEC CHECKSUMS:
  Alamofire: 814429acc853c6c54ff123fc3d2ef66803823ce0
  Charts: 40a08591df1f8ad5c223ddedfb1a06da92f24f7c
  IQKeyboardManager: b41e0a4943fbac4c11a239d31a688667675f962e
  MJRefresh: 2b1214a2dc8f4df4c5dcb028ea2ad4e245425fb7
  SDWebImage: cf6922231e95550934da2ada0f20f2becf2ceba9
  SVProgressHUD: 1428aafac632c1f86f62aa4243ec12008d7a51d6
  SwiftyJSON: 36413e04c44ee145039d332b4f4e2d3e8d6c4db7
  UMCCommon: 0cb2629b93884531621100ed66ff2bca8b181f1f
  UMCPush: 078b5818e0e47c4cf8ab42a5a30e8b54a0854077
  UMCSecurityPlugins: 0831a08f3988f3cea9f1d3a7626cd9bee4fef150

PODFILE CHECKSUM: 14512afb55691abe668145c34cf1853c60ed61af

COCOAPODS: 1.9.3
